
Microsoft Visual Studio Solution File, Format Version 12.00
# Visual Studio Version 16
VisualStudioVersion = 16.0.29424.173
MinimumVisualStudioVersion = 10.0.40219.1
Project("{FAE04EC0-301F-11D3-BF4B-00C04F79EFBC}") = "StringCalculator", "StringCalculator\StringCalculator.csproj", "{A81B079D-21A9-4014-8822-76A98FF9D0F7}"
EndProject
Project("{FAE04EC0-301F-11D3-BF4B-00C04F79EFBC}") = "TestStringCalculator", "TestStringCalculator\TestStringCalculator.csproj", "{BAA42F19-CFA9-4A99-B3A4-5F2950D061BF}"
EndProject
Global
	GlobalSection(SolutionConfigurationPlatforms) = preSolution
		Debug|Any CPU = Debug|Any CPU
		Release|Any CPU = Release|Any CPU
	EndGlobalSection
	GlobalSection(ProjectConfigurationPlatforms) = postSolution
		{A81B079D-21A9-4014-8822-76A98FF9D0F7}.Debug|Any CPU.ActiveCfg = Debug|Any CPU
		{A81B079D-21A9-4014-8822-76A98FF9D0F7}.Debug|Any CPU.Build.0 = Debug|Any CPU
		{A81B079D-21A9-4014-8822-76A98FF9D0F7}.Release|Any CPU.ActiveCfg = Release|Any CPU
		{A81B079D-21A9-4014-8822-76A98FF9D0F7}.Release|Any CPU.Build.0 = Release|Any CPU
		{BAA42F19-CFA9-4A99-B3A4-5F2950D061BF}.Debug|Any CPU.ActiveCfg = Debug|Any CPU
		{BAA42F19-CFA9-4A99-B3A4-5F2950D061BF}.Debug|Any CPU.Build.0 = Debug|Any CPU
		{BAA42F19-CFA9-4A99-B3A4-5F2950D061BF}.Release|Any CPU.ActiveCfg = Release|Any CPU
		{BAA42F19-CFA9-4A99-B3A4-5F2950D061BF}.Release|Any CPU.Build.0 = Release|Any CPU
	EndGlobalSection
	GlobalSection(SolutionProperties) = preSolution
		HideSolutionNode = FALSE
	EndGlobalSection
	GlobalSection(ExtensibilityGlobals) = postSolution
		SolutionGuid = {95C537E3-10C2-41F2-A31E-7E9C933755B2}
	EndGlobalSection
EndGlobal
